// !$*UTF8*$!
{
	archiveVersion = 1;
	classes = {
	};
	objectVersion = 56;
	objects = {

/* Begin PBXBuildFile section */
		DB0217D22C4BF7D20057A7A2 /* CoinImageViewModel.swift in Sources */ = {isa = PBXBuildFile; fileRef = DB0217D12C4BF7D20057A7A2 /* CoinImageViewModel.swift */; };
		DB0217D62C4C0E950057A7A2 /* CoinImageView.swift in Sources */ = {isa = PBXBuildFile; fileRef = DB0217D52C4C0E950057A7A2 /* CoinImageView.swift */; };
		DB0217D82C4C172F0057A7A2 /* CoinImageService.swift in Sources */ = {isa = PBXBuildFile; fileRef = DB0217D72C4C172F0057A7A2 /* CoinImageService.swift */; };
		DB2724BD2C4B0BF10031FD6A /* NetworkingManager.swift in Sources */ = {isa = PBXBuildFile; fileRef = DB2724BC2C4B0BF10031FD6A /* NetworkingManager.swift */; };
		DBA007412C47E03A007B1CE8 /* CoinRowView.swift in Sources */ = {isa = PBXBuildFile; fileRef = DBA007402C47E03A007B1CE8 /* CoinRowView.swift */; };
		DBA007462C47E3B0007B1CE8 /* MockCoinModel.swift in Sources */ = {isa = PBXBuildFile; fileRef = DBA007452C47E3B0007B1CE8 /* MockCoinModel.swift */; };
		DBA007482C47E606007B1CE8 /* Double.swift in Sources */ = {isa = PBXBuildFile; fileRef = DBA007472C47E606007B1CE8 /* Double.swift */; };
		DBB758A22C49A3AD00BB771B /* HomeViewModel.swift in Sources */ = {isa = PBXBuildFile; fileRef = DBB758A12C49A3AD00BB771B /* HomeViewModel.swift */; };
		DBB758A52C49AD2300BB771B /* CoinDataService.swift in Sources */ = {isa = PBXBuildFile; fileRef = DBB758A42C49AD2300BB771B /* CoinDataService.swift */; };
		DBBD934E2C9F4EF000FFF15D /* LocalFileManager.swift in Sources */ = {isa = PBXBuildFile; fileRef = DBBD934D2C9F4EF000FFF15D /* LocalFileManager.swift */; };
		DBBD93502C9F57A600FFF15D /* SearchBarView.swift in Sources */ = {isa = PBXBuildFile; fileRef = DBBD934F2C9F57A600FFF15D /* SearchBarView.swift */; };
		DBBD93522C9F598400FFF15D /* UIApplication.swift in Sources */ = {isa = PBXBuildFile; fileRef = DBBD93512C9F598300FFF15D /* UIApplication.swift */; };
		DBBD93542C9F5EBF00FFF15D /* StatisticModel.swift in Sources */ = {isa = PBXBuildFile; fileRef = DBBD93532C9F5EBF00FFF15D /* StatisticModel.swift */; };
		DBD1D0C92C47102000846C02 /* Crypto_TrackerApp.swift in Sources */ = {isa = PBXBuildFile; fileRef = DBD1D0C82C47102000846C02 /* Crypto_TrackerApp.swift */; };
		DBD1D0CB2C47102000846C02 /* ContentView.swift in Sources */ = {isa = PBXBuildFile; fileRef = DBD1D0CA2C47102000846C02 /* ContentView.swift */; };
		DBD1D0D02C47102100846C02 /* Preview Assets.xcassets in Resources */ = {isa = PBXBuildFile; fileRef = DBD1D0CF2C47102100846C02 /* Preview Assets.xcassets */; };
		DBD1D0D72C47115B00846C02 /* Assets.xcassets in Resources */ = {isa = PBXBuildFile; fileRef = DBD1D0D62C47115B00846C02 /* Assets.xcassets */; };
		DBD1D0DA2C4712A600846C02 /* Color.swift in Sources */ = {isa = PBXBuildFile; fileRef = DBD1D0D92C4712A600846C02 /* Color.swift */; };
		DBD1D0E02C4714B300846C02 /* HomeView.swift in Sources */ = {isa = PBXBuildFile; fileRef = DBD1D0DF2C4714B300846C02 /* HomeView.swift */; };
		DBD1D0E42C47160500846C02 /* CircleButtonView.swift in Sources */ = {isa = PBXBuildFile; fileRef = DBD1D0E32C47160500846C02 /* CircleButtonView.swift */; };
		DBD1D0E62C471B7600846C02 /* CircleButtonAnimationView.swift in Sources */ = {isa = PBXBuildFile; fileRef = DBD1D0E52C471B7600846C02 /* CircleButtonAnimationView.swift */; };
		DBD1D0E92C471E9100846C02 /* CoinModel.swift in Sources */ = {isa = PBXBuildFile; fileRef = DBD1D0E82C471E9100846C02 /* CoinModel.swift */; };
/* End PBXBuildFile section */

/* Begin PBXFileReference section */
		DB0217D12C4BF7D20057A7A2 /* CoinImageViewModel.swift */ = {isa = PBXFileReference; lastKnownFileType = sourcecode.swift; path = CoinImageViewModel.swift; sourceTree = "<group>"; };
		DB0217D52C4C0E950057A7A2 /* CoinImageView.swift */ = {isa = PBXFileReference; lastKnownFileType = sourcecode.swift; path = CoinImageView.swift; sourceTree = "<group>"; };
		DB0217D72C4C172F0057A7A2 /* CoinImageService.swift */ = {isa = PBXFileReference; lastKnownFileType = sourcecode.swift; path = CoinImageService.swift; sourceTree = "<group>"; };
		DB2724BC2C4B0BF10031FD6A /* NetworkingManager.swift */ = {isa = PBXFileReference; lastKnownFileType = sourcecode.swift; path = NetworkingManager.swift; sourceTree = "<group>"; };
		DBA007402C47E03A007B1CE8 /* CoinRowView.swift */ = {isa = PBXFileReference; lastKnownFileType = sourcecode.swift; path = CoinRowView.swift; sourceTree = "<group>"; };
		DBA007452C47E3B0007B1CE8 /* MockCoinModel.swift */ = {isa = PBXFileReference; lastKnownFileType = sourcecode.swift; path = MockCoinModel.swift; sourceTree = "<group>"; };
		DBA007472C47E606007B1CE8 /* Double.swift */ = {isa = PBXFileReference; lastKnownFileType = sourcecode.swift; path = Double.swift; sourceTree = "<group>"; };
		DBB758A12C49A3AD00BB771B /* HomeViewModel.swift */ = {isa = PBXFileReference; lastKnownFileType = sourcecode.swift; path = HomeViewModel.swift; sourceTree = "<group>"; };
		DBB758A42C49AD2300BB771B /* CoinDataService.swift */ = {isa = PBXFileReference; lastKnownFileType = sourcecode.swift; path = CoinDataService.swift; sourceTree = "<group>"; };
		DBBD934D2C9F4EF000FFF15D /* LocalFileManager.swift */ = {isa = PBXFileReference; lastKnownFileType = sourcecode.swift; path = LocalFileManager.swift; sourceTree = "<group>"; };
		DBBD934F2C9F57A600FFF15D /* SearchBarView.swift */ = {isa = PBXFileReference; lastKnownFileType = sourcecode.swift; path = SearchBarView.swift; sourceTree = "<group>"; };
		DBBD93512C9F598300FFF15D /* UIApplication.swift */ = {isa = PBXFileReference; lastKnownFileType = sourcecode.swift; path = UIApplication.swift; sourceTree = "<group>"; };
		DBBD93532C9F5EBF00FFF15D /* StatisticModel.swift */ = {isa = PBXFileReference; lastKnownFileType = sourcecode.swift; path = StatisticModel.swift; sourceTree = "<group>"; };
		DBD1D0C52C47102000846C02 /* Crypto Tracker.app */ = {isa = PBXFileReference; explicitFileType = wrapper.application; includeInIndex = 0; path = "Crypto Tracker.app"; sourceTree = BUILT_PRODUCTS_DIR; };
		DBD1D0C82C47102000846C02 /* Crypto_TrackerApp.swift */ = {isa = PBXFileReference; lastKnownFileType = sourcecode.swift; path = Crypto_TrackerApp.swift; sourceTree = "<group>"; };
		DBD1D0CA2C47102000846C02 /* ContentView.swift */ = {isa = PBXFileReference; lastKnownFileType = sourcecode.swift; path = ContentView.swift; sourceTree = "<group>"; };
		DBD1D0CF2C47102100846C02 /* Preview Assets.xcassets */ = {isa = PBXFileReference; lastKnownFileType = folder.assetcatalog; path = "Preview Assets.xcassets"; sourceTree = "<group>"; };
		DBD1D0D62C47115B00846C02 /* Assets.xcassets */ = {isa = PBXFileReference; lastKnownFileType = folder.assetcatalog; name = Assets.xcassets; path = ../../../../Downloads/Resources/Assets.xcassets; sourceTree = "<group>"; };
		DBD1D0D92C4712A600846C02 /* Color.swift */ = {isa = PBXFileReference; lastKnownFileType = sourcecode.swift; path = Color.swift; sourceTree = "<group>"; };
		DBD1D0DF2C4714B300846C02 /* HomeView.swift */ = {isa = PBXFileReference; lastKnownFileType = sourcecode.swift; path = HomeView.swift; sourceTree = "<group>"; };
		DBD1D0E32C47160500846C02 /* CircleButtonView.swift */ = {isa = PBXFileReference; lastKnownFileType = sourcecode.swift; path = CircleButtonView.swift; sourceTree = "<group>"; };
		DBD1D0E52C471B7600846C02 /* CircleButtonAnimationView.swift */ = {isa = PBXFileReference; lastKnownFileType = sourcecode.swift; path = CircleButtonAnimationView.swift; sourceTree = "<group>"; };
		DBD1D0E82C471E9100846C02 /* CoinModel.swift */ = {isa = PBXFileReference; lastKnownFileType = sourcecode.swift; path = CoinModel.swift; sourceTree = "<group>"; };
/* End PBXFileReference section */

/* Begin PBXFrameworksBuildPhase section */
		DBD1D0C22C47102000846C02 /* Frameworks */ = {
			isa = PBXFrameworksBuildPhase;
			buildActionMask = 2147483647;
			files = (
			);
			runOnlyForDeploymentPostprocessing = 0;
		};
/* End PBXFrameworksBuildPhase section */

/* Begin PBXGroup section */
		DB0217D02C4BF7C30057A7A2 /* CoinImage */ = {
			isa = PBXGroup;
			children = (
				DB0217D12C4BF7D20057A7A2 /* CoinImageViewModel.swift */,
				DB0217D52C4C0E950057A7A2 /* CoinImageView.swift */,
			);
			path = CoinImage;
			sourceTree = "<group>";
		};
		DB2724BB2C4B0BDA0031FD6A /* Utilities */ = {
			isa = PBXGroup;
			children = (
				DB2724BC2C4B0BF10031FD6A /* NetworkingManager.swift */,
				DBBD934D2C9F4EF000FFF15D /* LocalFileManager.swift */,
			);
			path = Utilities;
			sourceTree = "<group>";
		};
		DBA007442C47E398007B1CE8 /* Mocks */ = {
			isa = PBXGroup;
			children = (
				DBA007452C47E3B0007B1CE8 /* MockCoinModel.swift */,
			);
			path = Mocks;
			sourceTree = "<group>";
		};
		DBB758A32C49AD0900BB771B /* Services */ = {
			isa = PBXGroup;
			children = (
				DBB758A42C49AD2300BB771B /* CoinDataService.swift */,
				DB0217D72C4C172F0057A7A2 /* CoinImageService.swift */,
			);
			path = Services;
			sourceTree = "<group>";
		};
		DBD1D0BC2C47102000846C02 = {
			isa = PBXGroup;
			children = (
				DBD1D0C72C47102000846C02 /* Crypto Tracker */,
				DBD1D0C62C47102000846C02 /* Products */,
			);
			sourceTree = "<group>";
		};
		DBD1D0C62C47102000846C02 /* Products */ = {
			isa = PBXGroup;
			children = (
				DBD1D0C52C47102000846C02 /* Crypto Tracker.app */,
			);
			name = Products;
			sourceTree = "<group>";
		};
		DBD1D0C72C47102000846C02 /* Crypto Tracker */ = {
			isa = PBXGroup;
			children = (
				DB2724BB2C4B0BDA0031FD6A /* Utilities */,
				DBB758A32C49AD0900BB771B /* Services */,
				DBA007442C47E398007B1CE8 /* Mocks */,
				DBD1D0D82C47127500846C02 /* Extensions */,
				DBD1D0E72C471E8000846C02 /* Models */,
				DBD1D0DB2C47146800846C02 /* Core */,
				DBD1D0C82C47102000846C02 /* Crypto_TrackerApp.swift */,
				DBD1D0D62C47115B00846C02 /* Assets.xcassets */,
				DBD1D0CA2C47102000846C02 /* ContentView.swift */,
				DBD1D0CE2C47102100846C02 /* Preview Content */,
			);
			path = "Crypto Tracker";
			sourceTree = "<group>";
		};
		DBD1D0CE2C47102100846C02 /* Preview Content */ = {
			isa = PBXGroup;
			children = (
				DBD1D0CF2C47102100846C02 /* Preview Assets.xcassets */,
			);
			path = "Preview Content";
			sourceTree = "<group>";
		};
		DBD1D0D82C47127500846C02 /* Extensions */ = {
			isa = PBXGroup;
			children = (
				DBD1D0D92C4712A600846C02 /* Color.swift */,
				DBA007472C47E606007B1CE8 /* Double.swift */,
				DBBD93512C9F598300FFF15D /* UIApplication.swift */,
			);
			path = Extensions;
			sourceTree = "<group>";
		};
		DBD1D0DB2C47146800846C02 /* Core */ = {
			isa = PBXGroup;
			children = (
				DBD1D0E12C4715EC00846C02 /* Components */,
				DBD1D0DE2C47148700846C02 /* Home */,
			);
			path = Core;
			sourceTree = "<group>";
		};
		DBD1D0DC2C47146D00846C02 /* Views */ = {
			isa = PBXGroup;
			children = (
				DBD1D0DF2C4714B300846C02 /* HomeView.swift */,
				DBA007402C47E03A007B1CE8 /* CoinRowView.swift */,
			);
			path = Views;
			sourceTree = "<group>";
		};
		DBD1D0DD2C47147200846C02 /* ViewModels */ = {
			isa = PBXGroup;
			children = (
				DBB758A12C49A3AD00BB771B /* HomeViewModel.swift */,
			);
			path = ViewModels;
			sourceTree = "<group>";
		};
		DBD1D0DE2C47148700846C02 /* Home */ = {
			isa = PBXGroup;
			children = (
				DBD1D0DD2C47147200846C02 /* ViewModels */,
				DBD1D0DC2C47146D00846C02 /* Views */,
			);
			path = Home;
			sourceTree = "<group>";
		};
		DBD1D0E12C4715EC00846C02 /* Components */ = {
			isa = PBXGroup;
			children = (
				DB0217D02C4BF7C30057A7A2 /* CoinImage */,
				DBD1D0E22C4715F700846C02 /* CIrcleButton */,
				DBBD934F2C9F57A600FFF15D /* SearchBarView.swift */,
			);
			path = Components;
			sourceTree = "<group>";
		};
		DBD1D0E22C4715F700846C02 /* CIrcleButton */ = {
			isa = PBXGroup;
			children = (
				DBD1D0E32C47160500846C02 /* CircleButtonView.swift */,
				DBD1D0E52C471B7600846C02 /* CircleButtonAnimationView.swift */,
			);
			path = CIrcleButton;
			sourceTree = "<group>";
		};
		DBD1D0E72C471E8000846C02 /* Models */ = {
			isa = PBXGroup;
			children = (
				DBD1D0E82C471E9100846C02 /* CoinModel.swift */,
				DBBD93532C9F5EBF00FFF15D /* StatisticModel.swift */,
			);
			path = Models;
			sourceTree = "<group>";
		};
/* End PBXGroup section */

/* Begin PBXNativeTarget section */
		DBD1D0C42C47102000846C02 /* Crypto Tracker */ = {
			isa = PBXNativeTarget;
			buildConfigurationList = DBD1D0D32C47102100846C02 /* Build configuration list for PBXNativeTarget "Crypto Tracker" */;
			buildPhases = (
				DBD1D0C12C47102000846C02 /* Sources */,
				DBD1D0C22C47102000846C02 /* Frameworks */,
				DBD1D0C32C47102000846C02 /* Resources */,
			);
			buildRules = (
			);
			dependencies = (
			);
			name = "Crypto Tracker";
			productName = "Crypto Tracker";
			productReference = DBD1D0C52C47102000846C02 /* Crypto Tracker.app */;
			productType = "com.apple.product-type.application";
		};
/* End PBXNativeTarget section */

/* Begin PBXProject section */
		DBD1D0BD2C47102000846C02 /* Project object */ = {
			isa = PBXProject;
			attributes = {
				BuildIndependentTargetsInParallel = 1;
				LastSwiftUpdateCheck = 1530;
				LastUpgradeCheck = 1530;
				TargetAttributes = {
					DBD1D0C42C47102000846C02 = {
						CreatedOnToolsVersion = 15.3;
					};
				};
			};
			buildConfigurationList = DBD1D0C02C47102000846C02 /* Build configuration list for PBXProject "Crypto Tracker" */;
			compatibilityVersion = "Xcode 14.0";
			developmentRegion = en;
			hasScannedForEncodings = 0;
			knownRegions = (
				en,
				Base,
			);
			mainGroup = DBD1D0BC2C47102000846C02;
			productRefGroup = DBD1D0C62C47102000846C02 /* Products */;
			projectDirPath = "";
			projectRoot = "";
			targets = (
				DBD1D0C42C47102000846C02 /* Crypto Tracker */,
			);
		};
/* End PBXProject section */

/* Begin PBXResourcesBuildPhase section */
		DBD1D0C32C47102000846C02 /* Resources */ = {
			isa = PBXResourcesBuildPhase;
			buildActionMask = 2147483647;
			files = (
				DBD1D0D02C47102100846C02 /* Preview Assets.xcassets in Resources */,
				DBD1D0D72C47115B00846C02 /* Assets.xcassets in Resources */,
			);
			runOnlyForDeploymentPostprocessing = 0;
		};
/* End PBXResourcesBuildPhase section */

/* Begin PBXSourcesBuildPhase section */
		DBD1D0C12C47102000846C02 /* Sources */ = {
			isa = PBXSourcesBuildPhase;
			buildActionMask = 2147483647;
			files = (
				DBBD93542C9F5EBF00FFF15D /* StatisticModel.swift in Sources */,
				DBB758A52C49AD2300BB771B /* CoinDataService.swift in Sources */,
				DBA007412C47E03A007B1CE8 /* CoinRowView.swift in Sources */,
				DBB758A22C49A3AD00BB771B /* HomeViewModel.swift in Sources */,
				DB0217D22C4BF7D20057A7A2 /* CoinImageViewModel.swift in Sources */,
				DBBD934E2C9F4EF000FFF15D /* LocalFileManager.swift in Sources */,
				DBD1D0CB2C47102000846C02 /* ContentView.swift in Sources */,
				DBA007462C47E3B0007B1CE8 /* MockCoinModel.swift in Sources */,
				DBD1D0E02C4714B300846C02 /* HomeView.swift in Sources */,
				DBBD93522C9F598400FFF15D /* UIApplication.swift in Sources */,
				DBD1D0C92C47102000846C02 /* Crypto_TrackerApp.swift in Sources */,
				DBD1D0E42C47160500846C02 /* CircleButtonView.swift in Sources */,
				DBBD93502C9F57A600FFF15D /* SearchBarView.swift in Sources */,
				DB2724BD2C4B0BF10031FD6A /* NetworkingManager.swift in Sources */,
				DBD1D0DA2C4712A600846C02 /* Color.swift in Sources */,
				DB0217D62C4C0E950057A7A2 /* CoinImageView.swift in Sources */,
				DBD1D0E62C471B7600846C02 /* CircleButtonAnimationView.swift in Sources */,
				DBA007482C47E606007B1CE8 /* Double.swift in Sources */,
				DB0217D82C4C172F0057A7A2 /* CoinImageService.swift in Sources */,
				DBD1D0E92C471E9100846C02 /* CoinModel.swift in Sources */,
			);
			runOnlyForDeploymentPostprocessing = 0;
		};
/* End PBXSourcesBuildPhase section */

/* Begin XCBuildConfiguration section */
		DBD1D0D12C47102100846C02 /* Debug */ = {
			isa = XCBuildConfiguration;
			buildSettings = {
				ALWAYS_SEARCH_USER_PATHS = NO;
				ASSETCATALOG_COMPILER_GENERATE_SWIFT_ASSET_SYMBOL_EXTENSIONS = YES;
				CLANG_ANALYZER_NONNULL = YES;
				CLANG_ANALYZER_NUMBER_OBJECT_CONVERSION = YES_AGGRESSIVE;
				CLANG_CXX_LANGUAGE_STANDARD = "gnu++20";
				CLANG_ENABLE_MODULES = YES;
				CLANG_ENABLE_OBJC_ARC = YES;
				CLANG_ENABLE_OBJC_WEAK = YES;
				CLANG_WARN_BLOCK_CAPTURE_AUTORELEASING = YES;
				CLANG_WARN_BOOL_CONVERSION = YES;
				CLANG_WARN_COMMA = YES;
				CLANG_WARN_CONSTANT_CONVERSION = YES;
				CLANG_WARN_DEPRECATED_OBJC_IMPLEMENTATIONS = YES;
				CLANG_WARN_DIRECT_OBJC_ISA_USAGE = YES_ERROR;
				CLANG_WARN_DOCUMENTATION_COMMENTS = YES;
				CLANG_WARN_EMPTY_BODY = YES;
				CLANG_WARN_ENUM_CONVERSION = YES;
				CLANG_WARN_INFINITE_RECURSION = YES;
				CLANG_WARN_INT_CONVERSION = YES;
				CLANG_WARN_NON_LITERAL_NULL_CONVERSION = YES;
				CLANG_WARN_OBJC_IMPLICIT_RETAIN_SELF = YES;
				CLANG_WARN_OBJC_LITERAL_CONVERSION = YES;
				CLANG_WARN_OBJC_ROOT_CLASS = YES_ERROR;
				CLANG_WARN_QUOTED_INCLUDE_IN_FRAMEWORK_HEADER = YES;
				CLANG_WARN_RANGE_LOOP_ANALYSIS = YES;
				CLANG_WARN_STRICT_PROTOTYPES = YES;
				CLANG_WARN_SUSPICIOUS_MOVE = YES;
				CLANG_WARN_UNGUARDED_AVAILABILITY = YES_AGGRESSIVE;
				CLANG_WARN_UNREACHABLE_CODE = YES;
				CLANG_WARN__DUPLICATE_METHOD_MATCH = YES;
				COPY_PHASE_STRIP = NO;
				DEBUG_INFORMATION_FORMAT = dwarf;
				ENABLE_STRICT_OBJC_MSGSEND = YES;
				ENABLE_TESTABILITY = YES;
				ENABLE_USER_SCRIPT_SANDBOXING = YES;
				GCC_C_LANGUAGE_STANDARD = gnu17;
				GCC_DYNAMIC_NO_PIC = NO;
				GCC_NO_COMMON_BLOCKS = YES;
				GCC_OPTIMIZATION_LEVEL = 0;
				GCC_PREPROCESSOR_DEFINITIONS = (
					"DEBUG=1",
					"$(inherited)",
				);
				GCC_WARN_64_TO_32_BIT_CONVERSION = YES;
				GCC_WARN_ABOUT_RETURN_TYPE = YES_ERROR;
				GCC_WARN_UNDECLARED_SELECTOR = YES;
				GCC_WARN_UNINITIALIZED_AUTOS = YES_AGGRESSIVE;
				GCC_WARN_UNUSED_FUNCTION = YES;
				GCC_WARN_UNUSED_VARIABLE = YES;
				IPHONEOS_DEPLOYMENT_TARGET = 17.4;
				LOCALIZATION_PREFERS_STRING_CATALOGS = YES;
				MTL_ENABLE_DEBUG_INFO = INCLUDE_SOURCE;
				MTL_FAST_MATH = YES;
				ONLY_ACTIVE_ARCH = YES;
				SDKROOT = iphoneos;
				SWIFT_ACTIVE_COMPILATION_CONDITIONS = "DEBUG $(inherited)";
				SWIFT_OPTIMIZATION_LEVEL = "-Onone";
			};
			name = Debug;
		};
		DBD1D0D22C47102100846C02 /* Release */ = {
			isa = XCBuildConfiguration;
			buildSettings = {
				ALWAYS_SEARCH_USER_PATHS = NO;
				ASSETCATALOG_COMPILER_GENERATE_SWIFT_ASSET_SYMBOL_EXTENSIONS = YES;
				CLANG_ANALYZER_NONNULL = YES;
				CLANG_ANALYZER_NUMBER_OBJECT_CONVERSION = YES_AGGRESSIVE;
				CLANG_CXX_LANGUAGE_STANDARD = "gnu++20";
				CLANG_ENABLE_MODULES = YES;
				CLANG_ENABLE_OBJC_ARC = YES;
				CLANG_ENABLE_OBJC_WEAK = YES;
				CLANG_WARN_BLOCK_CAPTURE_AUTORELEASING = YES;
				CLANG_WARN_BOOL_CONVERSION = YES;
				CLANG_WARN_COMMA = YES;
				CLANG_WARN_CONSTANT_CONVERSION = YES;
				CLANG_WARN_DEPRECATED_OBJC_IMPLEMENTATIONS = YES;
				CLANG_WARN_DIRECT_OBJC_ISA_USAGE = YES_ERROR;
				CLANG_WARN_DOCUMENTATION_COMMENTS = YES;
				CLANG_WARN_EMPTY_BODY = YES;
				CLANG_WARN_ENUM_CONVERSION = YES;
				CLANG_WARN_INFINITE_RECURSION = YES;
				CLANG_WARN_INT_CONVERSION = YES;
				CLANG_WARN_NON_LITERAL_NULL_CONVERSION = YES;
				CLANG_WARN_OBJC_IMPLICIT_RETAIN_SELF = YES;
				CLANG_WARN_OBJC_LITERAL_CONVERSION = YES;
				CLANG_WARN_OBJC_ROOT_CLASS = YES_ERROR;
				CLANG_WARN_QUOTED_INCLUDE_IN_FRAMEWORK_HEADER = YES;
				CLANG_WARN_RANGE_LOOP_ANALYSIS = YES;
				CLANG_WARN_STRICT_PROTOTYPES = YES;
				CLANG_WARN_SUSPICIOUS_MOVE = YES;
				CLANG_WARN_UNGUARDED_AVAILABILITY = YES_AGGRESSIVE;
				CLANG_WARN_UNREACHABLE_CODE = YES;
				CLANG_WARN__DUPLICATE_METHOD_MATCH = YES;
				COPY_PHASE_STRIP = NO;
				DEBUG_INFORMATION_FORMAT = "dwarf-with-dsym";
				ENABLE_NS_ASSERTIONS = NO;
				ENABLE_STRICT_OBJC_MSGSEND = YES;
				ENABLE_USER_SCRIPT_SANDBOXING = YES;
				GCC_C_LANGUAGE_STANDARD = gnu17;
				GCC_NO_COMMON_BLOCKS = YES;
				GCC_WARN_64_TO_32_BIT_CONVERSION = YES;
				GCC_WARN_ABOUT_RETURN_TYPE = YES_ERROR;
				GCC_WARN_UNDECLARED_SELECTOR = YES;
				GCC_WARN_UNINITIALIZED_AUTOS = YES_AGGRESSIVE;
				GCC_WARN_UNUSED_FUNCTION = YES;
				GCC_WARN_UNUSED_VARIABLE = YES;
				IPHONEOS_DEPLOYMENT_TARGET = 17.4;
				LOCALIZATION_PREFERS_STRING_CATALOGS = YES;
				MTL_ENABLE_DEBUG_INFO = NO;
				MTL_FAST_MATH = YES;
				SDKROOT = iphoneos;
				SWIFT_COMPILATION_MODE = wholemodule;
				VALIDATE_PRODUCT = YES;
			};
			name = Release;
		};
		DBD1D0D42C47102100846C02 /* Debug */ = {
			isa = XCBuildConfiguration;
			buildSettings = {
				ASSETCATALOG_COMPILER_APPICON_NAME = AppIcon;
				ASSETCATALOG_COMPILER_GLOBAL_ACCENT_COLOR_NAME = AccentColor;
				CODE_SIGN_STYLE = Automatic;
				CURRENT_PROJECT_VERSION = 1;
				DEVELOPMENT_ASSET_PATHS = "\"Crypto Tracker/Preview Content\"";
				ENABLE_PREVIEWS = YES;
				GENERATE_INFOPLIST_FILE = YES;
				INFOPLIST_KEY_UIApplicationSceneManifest_Generation = YES;
				INFOPLIST_KEY_UIApplicationSupportsIndirectInputEvents = YES;
				INFOPLIST_KEY_UILaunchScreen_Generation = YES;
				INFOPLIST_KEY_UISupportedInterfaceOrientations_iPad = "UIInterfaceOrientationPortrait UIInterfaceOrientationPortraitUpsideDown UIInterfaceOrientationLandscapeLeft UIInterfaceOrientationLandscapeRight";
				INFOPLIST_KEY_UISupportedInterfaceOrientations_iPhone = "UIInterfaceOrientationPortrait UIInterfaceOrientationLandscapeLeft UIInterfaceOrientationLandscapeRight";
				LD_RUNPATH_SEARCH_PATHS = (
					"$(inherited)",
					"@executable_path/Frameworks",
				);
				MARKETING_VERSION = 1.0;
				PRODUCT_BUNDLE_IDENTIFIER = "np.com.shishirrijal.Crypto-Tracker";
				PRODUCT_NAME = "$(TARGET_NAME)";
				SWIFT_EMIT_LOC_STRINGS = YES;
				SWIFT_VERSION = 5.0;
				TARGETED_DEVICE_FAMILY = "1,2";
			};
			name = Debug;
		};
		DBD1D0D52C47102100846C02 /* Release */ = {
			isa = XCBuildConfiguration;
			buildSettings = {
				ASSETCATALOG_COMPILER_APPICON_NAME = AppIcon;
				ASSETCATALOG_COMPILER_GLOBAL_ACCENT_COLOR_NAME = AccentColor;
				CODE_SIGN_STYLE = Automatic;
				CURRENT_PROJECT_VERSION = 1;
				DEVELOPMENT_ASSET_PATHS = "\"Crypto Tracker/Preview Content\"";
				ENABLE_PREVIEWS = YES;
				GENERATE_INFOPLIST_FILE = YES;
				INFOPLIST_KEY_UIApplicationSceneManifest_Generation = YES;
				INFOPLIST_KEY_UIApplicationSupportsIndirectInputEvents = YES;
				INFOPLIST_KEY_UILaunchScreen_Generation = YES;
				INFOPLIST_KEY_UISupportedInterfaceOrientations_iPad = "UIInterfaceOrientationPortrait UIInterfaceOrientationPortraitUpsideDown UIInterfaceOrientationLandscapeLeft UIInterfaceOrientationLandscapeRight";
				INFOPLIST_KEY_UISupportedInterfaceOrientations_iPhone = "UIInterfaceOrientationPortrait UIInterfaceOrientationLandscapeLeft UIInterfaceOrientationLandscapeRight";
				LD_RUNPATH_SEARCH_PATHS = (
					"$(inherited)",
					"@executable_path/Frameworks",
				);
				MARKETING_VERSION = 1.0;
				PRODUCT_BUNDLE_IDENTIFIER = "np.com.shishirrijal.Crypto-Tracker";
				PRODUCT_NAME = "$(TARGET_NAME)";
				SWIFT_EMIT_LOC_STRINGS = YES;
				SWIFT_VERSION = 5.0;
				TARGETED_DEVICE_FAMILY = "1,2";
			};
			name = Release;
		};
/* End XCBuildConfiguration section */

/* Begin XCConfigurationList section */
		DBD1D0C02C47102000846C02 /* Build configuration list for PBXProject "Crypto Tracker" */ = {
			isa = XCConfigurationList;
			buildConfigurations = (
				DBD1D0D12C47102100846C02 /* Debug */,
				DBD1D0D22C47102100846C02 /* Release */,
			);
			defaultConfigurationIsVisible = 0;
			defaultConfigurationName = Release;
		};
		DBD1D0D32C47102100846C02 /* Build configuration list for PBXNativeTarget "Crypto Tracker" */ = {
			isa = XCConfigurationList;
			buildConfigurations = (
				DBD1D0D42C47102100846C02 /* Debug */,
				DBD1D0D52C47102100846C02 /* Release */,
			);
			defaultConfigurationIsVisible = 0;
			defaultConfigurationName = Release;
		};
/* End XCConfigurationList section */
	};
	rootObject = DBD1D0BD2C47102000846C02 /* Project object */;
}
